
Microsoft Visual Studio Solution File, Format Version 12.00
# Visual Studio Version 17
VisualStudioVersion = 17.0.31903.59
MinimumVisualStudioVersion = 10.0.40219.1
Project("{FAE04EC0-301F-11D3-BF4B-00C04F79EFBC}") = "SRF.Industrial.Packets", "Packets\SRF.Industrial.Packets.csproj", "{981C83F4-50B8-42B7-834B-99CD93783BF7}"
EndProject
Project("{FAE04EC0-301F-11D3-BF4B-00C04F79EFBC}") = "SRF.Industrial.Modbus", "Modbus\SRF.Industrial.Modbus.csproj", "{A6B77280-099A-4139-B405-EF7DCE5E5BFB}"
EndProject
Global
	GlobalSection(SolutionConfigurationPlatforms) = preSolution
		Debug|Any CPU = Debug|Any CPU
		Release|Any CPU = Release|Any CPU
	EndGlobalSection
	GlobalSection(SolutionProperties) = preSolution
		HideSolutionNode = FALSE
	EndGlobalSection
	GlobalSection(ProjectConfigurationPlatforms) = postSolution
		{981C83F4-50B8-42B7-834B-99CD93783BF7}.Debug|Any CPU.ActiveCfg = Debug|Any CPU
		{981C83F4-50B8-42B7-834B-99CD93783BF7}.Debug|Any CPU.Build.0 = Debug|Any CPU
		{981C83F4-50B8-42B7-834B-99CD93783BF7}.Release|Any CPU.ActiveCfg = Release|Any CPU
		{981C83F4-50B8-42B7-834B-99CD93783BF7}.Release|Any CPU.Build.0 = Release|Any CPU
		{A6B77280-099A-4139-B405-EF7DCE5E5BFB}.Debug|Any CPU.ActiveCfg = Debug|Any CPU
		{A6B77280-099A-4139-B405-EF7DCE5E5BFB}.Debug|Any CPU.Build.0 = Debug|Any CPU
		{A6B77280-099A-4139-B405-EF7DCE5E5BFB}.Release|Any CPU.ActiveCfg = Release|Any CPU
		{A6B77280-099A-4139-B405-EF7DCE5E5BFB}.Release|Any CPU.Build.0 = Release|Any CPU
	EndGlobalSection
EndGlobal
